
Microsoft Visual Studio Solution File, Format Version 12.00
# Visual Studio 15
VisualStudioVersion = 15.0.28307.136
MinimumVisualStudioVersion = 10.0.40219.1
Project("{FAE04EC0-301F-11D3-BF4B-00C04F79EFBC}") = "IRF_Project_GQOTXA", "IRF_Project_GQOTXA\IRF_Project_GQOTXA.csproj", "{4CEF2BFA-FAAC-4F77-B235-C7E35C8CDE04}"
EndProject
Project("{FAE04EC0-301F-11D3-BF4B-00C04F79EFBC}") = "UnitTestProject", "UnitTestProject\UnitTestProject.csproj", "{BB652CA8-34B9-4B8C-918D-919089ABB8A4}"
EndProject
Global
	GlobalSection(SolutionConfigurationPlatforms) = preSolution
		Debug|Any CPU = Debug|Any CPU
		Release|Any CPU = Release|Any CPU
	EndGlobalSection
	GlobalSection(ProjectConfigurationPlatforms) = postSolution
		{4CEF2BFA-FAAC-4F77-B235-C7E35C8CDE04}.Debug|Any CPU.ActiveCfg = Debug|Any CPU
		{4CEF2BFA-FAAC-4F77-B235-C7E35C8CDE04}.Debug|Any CPU.Build.0 = Debug|Any CPU
		{4CEF2BFA-FAAC-4F77-B235-C7E35C8CDE04}.Release|Any CPU.ActiveCfg = Release|Any CPU
		{4CEF2BFA-FAAC-4F77-B235-C7E35C8CDE04}.Release|Any CPU.Build.0 = Release|Any CPU
		{BB652CA8-34B9-4B8C-918D-919089ABB8A4}.Debug|Any CPU.ActiveCfg = Debug|Any CPU
		{BB652CA8-34B9-4B8C-918D-919089ABB8A4}.Debug|Any CPU.Build.0 = Debug|Any CPU
		{BB652CA8-34B9-4B8C-918D-919089ABB8A4}.Release|Any CPU.ActiveCfg = Release|Any CPU
		{BB652CA8-34B9-4B8C-918D-919089ABB8A4}.Release|Any CPU.Build.0 = Release|Any CPU
	EndGlobalSection
	GlobalSection(SolutionProperties) = preSolution
		HideSolutionNode = FALSE
	EndGlobalSection
	GlobalSection(ExtensibilityGlobals) = postSolution
		SolutionGuid = {2076AA96-86E4-44B3-9C46-15F9F921869C}
	EndGlobalSection
EndGlobal
